
Microsoft Visual Studio Solution File, Format Version 12.00
# Visual Studio Version 17
VisualStudioVersion = 17.3.32825.248
MinimumVisualStudioVersion = 10.0.40219.1
Project("{9A19103F-16F7-4668-BE54-9A1E7A4F7556}") = "CursoNovedades.Net", "CursoNovedades.Net\CursoNovedades.Net.csproj", "{77DC4B92-D30A-4A2C-98D1-86763D2E28AD}"
EndProject
Project("{FAE04EC0-301F-11D3-BF4B-00C04F79EFBC}") = "ProductService", "ProductService\ProductService.csproj", "{CCA4C06B-6FBB-43E4-A777-C4B5F261E50D}"
EndProject
Global
	GlobalSection(SolutionConfigurationPlatforms) = preSolution
		Debug|Any CPU = Debug|Any CPU
		Release|Any CPU = Release|Any CPU
	EndGlobalSection
	GlobalSection(ProjectConfigurationPlatforms) = postSolution
		{77DC4B92-D30A-4A2C-98D1-86763D2E28AD}.Debug|Any CPU.ActiveCfg = Debug|Any CPU
		{77DC4B92-D30A-4A2C-98D1-86763D2E28AD}.Debug|Any CPU.Build.0 = Debug|Any CPU
		{77DC4B92-D30A-4A2C-98D1-86763D2E28AD}.Release|Any CPU.ActiveCfg = Release|Any CPU
		{77DC4B92-D30A-4A2C-98D1-86763D2E28AD}.Release|Any CPU.Build.0 = Release|Any CPU
		{CCA4C06B-6FBB-43E4-A777-C4B5F261E50D}.Debug|Any CPU.ActiveCfg = Debug|Any CPU
		{CCA4C06B-6FBB-43E4-A777-C4B5F261E50D}.Debug|Any CPU.Build.0 = Debug|Any CPU
		{CCA4C06B-6FBB-43E4-A777-C4B5F261E50D}.Release|Any CPU.ActiveCfg = Release|Any CPU
		{CCA4C06B-6FBB-43E4-A777-C4B5F261E50D}.Release|Any CPU.Build.0 = Release|Any CPU
	EndGlobalSection
	GlobalSection(SolutionProperties) = preSolution
		HideSolutionNode = FALSE
	EndGlobalSection
	GlobalSection(ExtensibilityGlobals) = postSolution
		SolutionGuid = {C9F66041-7E3F-4C8A-A86F-EC1EAFFFF2C1}
	EndGlobalSection
EndGlobal
